
Microsoft Visual Studio Solution File, Format Version 11.00
# Visual Studio 2010
Project("{FAE04EC0-301F-11D3-BF4B-00C04F79EFBC}") = "Sitecore.Taxonomies", "Sitecore.Taxonomies.csproj", "{C4DEB208-79BB-4C23-B6F9-9A9B7A5A9D23}"
EndProject
Global
	GlobalSection(SolutionConfigurationPlatforms) = preSolution
		Debug|Any CPU = Debug|Any CPU
		Release|Any CPU = Release|Any CPU
	EndGlobalSection
	GlobalSection(ProjectConfigurationPlatforms) = postSolution
		{C4DEB208-79BB-4C23-B6F9-9A9B7A5A9D23}.Debug|Any CPU.ActiveCfg = Debug|Any CPU
		{C4DEB208-79BB-4C23-B6F9-9A9B7A5A9D23}.Debug|Any CPU.Build.0 = Debug|Any CPU
		{C4DEB208-79BB-4C23-B6F9-9A9B7A5A9D23}.Release|Any CPU.ActiveCfg = Release|Any CPU
		{C4DEB208-79BB-4C23-B6F9-9A9B7A5A9D23}.Release|Any CPU.Build.0 = Release|Any CPU
	EndGlobalSection
	GlobalSection(SolutionProperties) = preSolution
		HideSolutionNode = FALSE
	EndGlobalSection
EndGlobal
